# This file was autogenerated by Stack.
# You should not edit this file by hand.
# For more information, please see the documentation at:
#   https://docs.haskellstack.org/en/stable/topics/lock_files

packages: []
snapshots:
- completed:
    sha256: bb7b138ed58d1b4b93a098d0d8a8dbed0a64a6c53ec9aacaf559e28d6f95ab15
    size: 681591
    url: https://raw.githubusercontent.com/commercialhaskell/stackage-snapshots/master/nightly/2025/4/13.yaml
  original: nightly-2025-04-13
